
Microsoft Visual Studio Solution File, Format Version 12.00
# Visual Studio 15
VisualStudioVersion = 15.0.27130.2026
MinimumVisualStudioVersion = 10.0.40219.1
Project("{FAE04EC0-301F-11D3-BF4B-00C04F79EFBC}") = "clu.console.demo", "clu.console.demo\clu.console.demo.csproj", "{423216E6-3694-4C48-BC25-7F262487F904}"
EndProject
Global
	GlobalSection(SolutionConfigurationPlatforms) = preSolution
		Debug|Any CPU = Debug|Any CPU
		Release|Any CPU = Release|Any CPU
	EndGlobalSection
	GlobalSection(ProjectConfigurationPlatforms) = postSolution
		{423216E6-3694-4C48-BC25-7F262487F904}.Debug|Any CPU.ActiveCfg = Debug|Any CPU
		{423216E6-3694-4C48-BC25-7F262487F904}.Debug|Any CPU.Build.0 = Debug|Any CPU
		{423216E6-3694-4C48-BC25-7F262487F904}.Release|Any CPU.ActiveCfg = Release|Any CPU
		{423216E6-3694-4C48-BC25-7F262487F904}.Release|Any CPU.Build.0 = Release|Any CPU
	EndGlobalSection
	GlobalSection(SolutionProperties) = preSolution
		HideSolutionNode = FALSE
	EndGlobalSection
	GlobalSection(ExtensibilityGlobals) = postSolution
		SolutionGuid = {06D61FEA-7210-43E9-8B9F-E35D2693113B}
	EndGlobalSection
EndGlobal
